
Microsoft Visual Studio Solution File, Format Version 15.00
# Visual Studio 15
VisualStudioVersion = 15.0.26114.2
MinimumVisualStudioVersion = 10.0.40219.1
Project("{FAE04EC0-301F-11D3-BF4B-00C04F79EFBC}") = "AspNetCoreHelloWorld", "AspNetCoreHelloWorld.csproj", "{98FC54A1-47AE-4D0E-A85E-15757D2D7584}"
EndProject
Project("{2150E333-8FDC-42A3-9474-1A3956D46DE8}") = "bin", "bin", "{FEC4DB9E-CB87-4D2E-AA73-DE3A4E609EEA}"
EndProject
Project("{2150E333-8FDC-42A3-9474-1A3956D46DE8}") = "Debug", "Debug", "{17638AA3-9073-4825-8935-51AA25777591}"
EndProject
Project("{2150E333-8FDC-42A3-9474-1A3956D46DE8}") = "netcoreapp1.0", "netcoreapp1.0", "{1B29483A-2CF6-4B4F-BDDC-01DC6D90C7C0}"
EndProject
Project("{2150E333-8FDC-42A3-9474-1A3956D46DE8}") = "publish", "publish", "{C7128BC5-897D-405A-81CE-F756158656EE}"
EndProject
Project("{2150E333-8FDC-42A3-9474-1A3956D46DE8}") = "backup", "backup", "{836F106F-4783-4F78-974B-738A345A6BBD}"
EndProject
Project("{2150E333-8FDC-42A3-9474-1A3956D46DE8}") = "backup_1", "backup_1", "{ECB3D1D3-FDD1-4883-826D-5329F42501C0}"
EndProject
Project("{2150E333-8FDC-42A3-9474-1A3956D46DE8}") = "bin", "bin", "{41174B2F-30CE-493E-8760-BC479311105E}"
EndProject
Project("{2150E333-8FDC-42A3-9474-1A3956D46DE8}") = "Debug", "Debug", "{94E05AFE-3123-4E0B-B007-C06DD69AD412}"
EndProject
Project("{2150E333-8FDC-42A3-9474-1A3956D46DE8}") = "netcoreapp1.0", "netcoreapp1.0", "{32EC542A-578C-4B6B-9517-F145D09DAF6B}"
EndProject
Project("{2150E333-8FDC-42A3-9474-1A3956D46DE8}") = "publish", "publish", "{F97D1127-D222-4A02-83BD-DCE9196D7B17}"
EndProject
Project("{2150E333-8FDC-42A3-9474-1A3956D46DE8}") = "backup", "backup", "{E8D98BE8-3B36-41E5-8730-DFD5AE6273A4}"
EndProject
Project("{9344BDBB-3E7F-41FC-A0DD-8665D75EE146}") = "backup", "bin\Debug\netcoreapp1.0\publish\backup\backup.csproj", "{E350DF07-BE24-4308-8A7E-200A6C174C24}"
EndProject
Project("{9344BDBB-3E7F-41FC-A0DD-8665D75EE146}") = "backup", "bin\Debug\netcoreapp1.0\publish\backup\backup\backup.csproj", "{AACD41E3-8F4D-4912-B56F-C6FE4F76145D}"
EndProject
Project("{9344BDBB-3E7F-41FC-A0DD-8665D75EE146}") = "backup", "backup_1\bin\Debug\netcoreapp1.0\publish\backup\backup.csproj", "{6DECD778-19EE-44C5-962F-51BFA11E3233}"
EndProject
Project("{9344BDBB-3E7F-41FC-A0DD-8665D75EE146}") = "backup", "backup_1\bin\Debug\netcoreapp1.0\publish\backup\backup\backup.csproj", "{E191EC11-AD90-4E2B-A8BB-9C1B293CF6F8}"
EndProject
Project("{9344BDBB-3E7F-41FC-A0DD-8665D75EE146}") = "backup", "backup_1\backup\backup.csproj", "{4E0AF0DA-5A57-4F15-99B3-F0DF0D107EF9}"
EndProject
Global
	GlobalSection(SolutionConfigurationPlatforms) = preSolution
		Debug|Any CPU = Debug|Any CPU
		Release|Any CPU = Release|Any CPU
		Debug|x64 = Debug|x64
		Debug|x86 = Debug|x86
		Release|x64 = Release|x64
		Release|x86 = Release|x86
	EndGlobalSection
	GlobalSection(ProjectConfigurationPlatforms) = postSolution
		{98FC54A1-47AE-4D0E-A85E-15757D2D7584}.Debug|Any CPU.ActiveCfg = Debug|Any CPU
		{98FC54A1-47AE-4D0E-A85E-15757D2D7584}.Debug|Any CPU.Build.0 = Debug|Any CPU
		{98FC54A1-47AE-4D0E-A85E-15757D2D7584}.Release|Any CPU.ActiveCfg = Release|Any CPU
		{98FC54A1-47AE-4D0E-A85E-15757D2D7584}.Release|Any CPU.Build.0 = Release|Any CPU
		{E350DF07-BE24-4308-8A7E-200A6C174C24}.Debug|Any CPU.ActiveCfg = Debug|Any CPU
		{E350DF07-BE24-4308-8A7E-200A6C174C24}.Debug|Any CPU.Build.0 = Debug|Any CPU
		{E350DF07-BE24-4308-8A7E-200A6C174C24}.Release|Any CPU.ActiveCfg = Release|Any CPU
		{E350DF07-BE24-4308-8A7E-200A6C174C24}.Release|Any CPU.Build.0 = Release|Any CPU
		{E350DF07-BE24-4308-8A7E-200A6C174C24}.Debug|x64.ActiveCfg = Debug|x64
		{E350DF07-BE24-4308-8A7E-200A6C174C24}.Debug|x64.Build.0 = Debug|x64
		{E350DF07-BE24-4308-8A7E-200A6C174C24}.Debug|x86.ActiveCfg = Debug|x86
		{E350DF07-BE24-4308-8A7E-200A6C174C24}.Debug|x86.Build.0 = Debug|x86
		{E350DF07-BE24-4308-8A7E-200A6C174C24}.Release|x64.ActiveCfg = Release|x64
		{E350DF07-BE24-4308-8A7E-200A6C174C24}.Release|x64.Build.0 = Release|x64
		{E350DF07-BE24-4308-8A7E-200A6C174C24}.Release|x86.ActiveCfg = Release|x86
		{E350DF07-BE24-4308-8A7E-200A6C174C24}.Release|x86.Build.0 = Release|x86
		{AACD41E3-8F4D-4912-B56F-C6FE4F76145D}.Debug|Any CPU.ActiveCfg = Debug|Any CPU
		{AACD41E3-8F4D-4912-B56F-C6FE4F76145D}.Debug|Any CPU.Build.0 = Debug|Any CPU
		{AACD41E3-8F4D-4912-B56F-C6FE4F76145D}.Release|Any CPU.ActiveCfg = Release|Any CPU
		{AACD41E3-8F4D-4912-B56F-C6FE4F76145D}.Release|Any CPU.Build.0 = Release|Any CPU
		{AACD41E3-8F4D-4912-B56F-C6FE4F76145D}.Debug|x64.ActiveCfg = Debug|x64
		{AACD41E3-8F4D-4912-B56F-C6FE4F76145D}.Debug|x64.Build.0 = Debug|x64
		{AACD41E3-8F4D-4912-B56F-C6FE4F76145D}.Debug|x86.ActiveCfg = Debug|x86
		{AACD41E3-8F4D-4912-B56F-C6FE4F76145D}.Debug|x86.Build.0 = Debug|x86
		{AACD41E3-8F4D-4912-B56F-C6FE4F76145D}.Release|x64.ActiveCfg = Release|x64
		{AACD41E3-8F4D-4912-B56F-C6FE4F76145D}.Release|x64.Build.0 = Release|x64
		{AACD41E3-8F4D-4912-B56F-C6FE4F76145D}.Release|x86.ActiveCfg = Release|x86
		{AACD41E3-8F4D-4912-B56F-C6FE4F76145D}.Release|x86.Build.0 = Release|x86
		{6DECD778-19EE-44C5-962F-51BFA11E3233}.Debug|Any CPU.ActiveCfg = Debug|Any CPU
		{6DECD778-19EE-44C5-962F-51BFA11E3233}.Debug|Any CPU.Build.0 = Debug|Any CPU
		{6DECD778-19EE-44C5-962F-51BFA11E3233}.Release|Any CPU.ActiveCfg = Release|Any CPU
		{6DECD778-19EE-44C5-962F-51BFA11E3233}.Release|Any CPU.Build.0 = Release|Any CPU
		{6DECD778-19EE-44C5-962F-51BFA11E3233}.Debug|x64.ActiveCfg = Debug|x64
		{6DECD778-19EE-44C5-962F-51BFA11E3233}.Debug|x64.Build.0 = Debug|x64
		{6DECD778-19EE-44C5-962F-51BFA11E3233}.Debug|x86.ActiveCfg = Debug|x86
		{6DECD778-19EE-44C5-962F-51BFA11E3233}.Debug|x86.Build.0 = Debug|x86
		{6DECD778-19EE-44C5-962F-51BFA11E3233}.Release|x64.ActiveCfg = Release|x64
		{6DECD778-19EE-44C5-962F-51BFA11E3233}.Release|x64.Build.0 = Release|x64
		{6DECD778-19EE-44C5-962F-51BFA11E3233}.Release|x86.ActiveCfg = Release|x86
		{6DECD778-19EE-44C5-962F-51BFA11E3233}.Release|x86.Build.0 = Release|x86
		{E191EC11-AD90-4E2B-A8BB-9C1B293CF6F8}.Debug|Any CPU.ActiveCfg = Debug|Any CPU
		{E191EC11-AD90-4E2B-A8BB-9C1B293CF6F8}.Debug|Any CPU.Build.0 = Debug|Any CPU
		{E191EC11-AD90-4E2B-A8BB-9C1B293CF6F8}.Release|Any CPU.ActiveCfg = Release|Any CPU
		{E191EC11-AD90-4E2B-A8BB-9C1B293CF6F8}.Release|Any CPU.Build.0 = Release|Any CPU
		{E191EC11-AD90-4E2B-A8BB-9C1B293CF6F8}.Debug|x64.ActiveCfg = Debug|x64
		{E191EC11-AD90-4E2B-A8BB-9C1B293CF6F8}.Debug|x64.Build.0 = Debug|x64
		{E191EC11-AD90-4E2B-A8BB-9C1B293CF6F8}.Debug|x86.ActiveCfg = Debug|x86
		{E191EC11-AD90-4E2B-A8BB-9C1B293CF6F8}.Debug|x86.Build.0 = Debug|x86
		{E191EC11-AD90-4E2B-A8BB-9C1B293CF6F8}.Release|x64.ActiveCfg = Release|x64
		{E191EC11-AD90-4E2B-A8BB-9C1B293CF6F8}.Release|x64.Build.0 = Release|x64
		{E191EC11-AD90-4E2B-A8BB-9C1B293CF6F8}.Release|x86.ActiveCfg = Release|x86
		{E191EC11-AD90-4E2B-A8BB-9C1B293CF6F8}.Release|x86.Build.0 = Release|x86
		{4E0AF0DA-5A57-4F15-99B3-F0DF0D107EF9}.Debug|Any CPU.ActiveCfg = Debug|Any CPU
		{4E0AF0DA-5A57-4F15-99B3-F0DF0D107EF9}.Debug|Any CPU.Build.0 = Debug|Any CPU
		{4E0AF0DA-5A57-4F15-99B3-F0DF0D107EF9}.Release|Any CPU.ActiveCfg = Release|Any CPU
		{4E0AF0DA-5A57-4F15-99B3-F0DF0D107EF9}.Release|Any CPU.Build.0 = Release|Any CPU
		{4E0AF0DA-5A57-4F15-99B3-F0DF0D107EF9}.Debug|x64.ActiveCfg = Debug|x64
		{4E0AF0DA-5A57-4F15-99B3-F0DF0D107EF9}.Debug|x64.Build.0 = Debug|x64
		{4E0AF0DA-5A57-4F15-99B3-F0DF0D107EF9}.Debug|x86.ActiveCfg = Debug|x86
		{4E0AF0DA-5A57-4F15-99B3-F0DF0D107EF9}.Debug|x86.Build.0 = Debug|x86
		{4E0AF0DA-5A57-4F15-99B3-F0DF0D107EF9}.Release|x64.ActiveCfg = Release|x64
		{4E0AF0DA-5A57-4F15-99B3-F0DF0D107EF9}.Release|x64.Build.0 = Release|x64
		{4E0AF0DA-5A57-4F15-99B3-F0DF0D107EF9}.Release|x86.ActiveCfg = Release|x86
		{4E0AF0DA-5A57-4F15-99B3-F0DF0D107EF9}.Release|x86.Build.0 = Release|x86
	EndGlobalSection
	GlobalSection(NestedProjects) = preSolution
		{17638AA3-9073-4825-8935-51AA25777591} = {FEC4DB9E-CB87-4D2E-AA73-DE3A4E609EEA}
		{1B29483A-2CF6-4B4F-BDDC-01DC6D90C7C0} = {17638AA3-9073-4825-8935-51AA25777591}
		{C7128BC5-897D-405A-81CE-F756158656EE} = {1B29483A-2CF6-4B4F-BDDC-01DC6D90C7C0}
		{836F106F-4783-4F78-974B-738A345A6BBD} = {C7128BC5-897D-405A-81CE-F756158656EE}
		{41174B2F-30CE-493E-8760-BC479311105E} = {ECB3D1D3-FDD1-4883-826D-5329F42501C0}
		{94E05AFE-3123-4E0B-B007-C06DD69AD412} = {41174B2F-30CE-493E-8760-BC479311105E}
		{32EC542A-578C-4B6B-9517-F145D09DAF6B} = {94E05AFE-3123-4E0B-B007-C06DD69AD412}
		{F97D1127-D222-4A02-83BD-DCE9196D7B17} = {32EC542A-578C-4B6B-9517-F145D09DAF6B}
		{E8D98BE8-3B36-41E5-8730-DFD5AE6273A4} = {F97D1127-D222-4A02-83BD-DCE9196D7B17}
		{E350DF07-BE24-4308-8A7E-200A6C174C24} = {C7128BC5-897D-405A-81CE-F756158656EE}
		{AACD41E3-8F4D-4912-B56F-C6FE4F76145D} = {836F106F-4783-4F78-974B-738A345A6BBD}
		{4E0AF0DA-5A57-4F15-99B3-F0DF0D107EF9} = {ECB3D1D3-FDD1-4883-826D-5329F42501C0}
		{6DECD778-19EE-44C5-962F-51BFA11E3233} = {F97D1127-D222-4A02-83BD-DCE9196D7B17}
		{E191EC11-AD90-4E2B-A8BB-9C1B293CF6F8} = {E8D98BE8-3B36-41E5-8730-DFD5AE6273A4}
	EndGlobalSection
EndGlobal
